// !$*UTF8*$!
{
	archiveVersion = 1;
	classes = {
	};
	objectVersion = 46;
	objects = {

/* Begin PBXBuildFile section */
		2DFD69D61F1E9A3F000BD1E2 /* ezregex.m in Sources */ = {isa = PBXBuildFile; fileRef = 2DFD69D51F1E9A3F000BD1E2 /* ezregex.m */; };
		9138A4DA1E887AA3004F3FC6 /* AppDelegate.m in Sources */ = {isa = PBXBuildFile; fileRef = 9138A4D91E887AA3004F3FC6 /* AppDelegate.m */; };
		9138A4DD1E887AA3004F3FC6 /* main.m in Sources */ = {isa = PBXBuildFile; fileRef = 9138A4DC1E887AA3004F3FC6 /* main.m */; };
		9138A4E21E887AA3004F3FC6 /* MainMenu.xib in Resources */ = {isa = PBXBuildFile; fileRef = 9138A4E01E887AA3004F3FC6 /* MainMenu.xib */; };
		9138A50B1E887B8C004F3FC6 /* streamlinkinstall.m in Sources */ = {isa = PBXBuildFile; fileRef = 9138A5091E887B8C004F3FC6 /* streamlinkinstall.m */; };
		9138A50D1E887B90004F3FC6 /* streamlinkinstall.xib in Resources */ = {isa = PBXBuildFile; fileRef = 9138A50F1E887B90004F3FC6 /* streamlinkinstall.xib */; };
/* End PBXBuildFile section */

/* Begin PBXFileReference section */
		2DFD69D41F1E9A3F000BD1E2 /* ezregex.h */ = {isa = PBXFileReference; fileEncoding = 4; lastKnownFileType = sourcecode.c.h; path = ezregex.h; sourceTree = "<group>"; };
		2DFD69D51F1E9A3F000BD1E2 /* ezregex.m */ = {isa = PBXFileReference; fileEncoding = 4; lastKnownFileType = sourcecode.c.objc; path = ezregex.m; sourceTree = "<group>"; };
		9138A4D51E887AA3004F3FC6 /* streamlink Installer.app */ = {isa = PBXFileReference; explicitFileType = wrapper.application; includeInIndex = 0; path = "streamlink Installer.app"; sourceTree = BUILT_PRODUCTS_DIR; };
		9138A4D81E887AA3004F3FC6 /* AppDelegate.h */ = {isa = PBXFileReference; lastKnownFileType = sourcecode.c.h; path = AppDelegate.h; sourceTree = "<group>"; };
		9138A4D91E887AA3004F3FC6 /* AppDelegate.m */ = {isa = PBXFileReference; lastKnownFileType = sourcecode.c.objc; path = AppDelegate.m; sourceTree = "<group>"; };
		9138A4DC1E887AA3004F3FC6 /* main.m */ = {isa = PBXFileReference; lastKnownFileType = sourcecode.c.objc; path = main.m; sourceTree = "<group>"; };
		9138A4E31E887AA3004F3FC6 /* Info.plist */ = {isa = PBXFileReference; lastKnownFileType = text.plist.xml; path = Info.plist; sourceTree = "<group>"; };
		9138A5081E887B8C004F3FC6 /* streamlinkinstall.h */ = {isa = PBXFileReference; fileEncoding = 4; lastKnownFileType = sourcecode.c.h; path = streamlinkinstall.h; sourceTree = "<group>"; };
		9138A5091E887B8C004F3FC6 /* streamlinkinstall.m */ = {isa = PBXFileReference; fileEncoding = 4; lastKnownFileType = sourcecode.c.objc; path = streamlinkinstall.m; sourceTree = "<group>"; };
		91CA0EAB1E9698D100A0D532 /* en */ = {isa = PBXFileReference; lastKnownFileType = file.xib; name = en; path = en.lproj/streamlinkinstall.xib; sourceTree = "<group>"; };
		91CA0EAC1E9698D600A0D532 /* en */ = {isa = PBXFileReference; lastKnownFileType = file.xib; name = en; path = en.lproj/MainMenu.xib; sourceTree = "<group>"; };
/* End PBXFileReference section */

/* Begin PBXFrameworksBuildPhase section */
		9138A4D21E887AA2004F3FC6 /* Frameworks */ = {
			isa = PBXFrameworksBuildPhase;
			buildActionMask = 2147483647;
			files = (
			);
			runOnlyForDeploymentPostprocessing = 0;
		};
/* End PBXFrameworksBuildPhase section */

/* Begin PBXGroup section */
		9138A4CC1E887AA2004F3FC6 = {
			isa = PBXGroup;
			children = (
				9138A4D71E887AA3004F3FC6 /* streamlink Installer */,
				9138A4D61E887AA3004F3FC6 /* Products */,
			);
			sourceTree = "<group>";
		};
		9138A4D61E887AA3004F3FC6 /* Products */ = {
			isa = PBXGroup;
			children = (
				9138A4D51E887AA3004F3FC6 /* streamlink Installer.app */,
			);
			name = Products;
			sourceTree = "<group>";
		};
		9138A4D71E887AA3004F3FC6 /* streamlink Installer */ = {
			isa = PBXGroup;
			children = (
				9138A4D81E887AA3004F3FC6 /* AppDelegate.h */,
				9138A4D91E887AA3004F3FC6 /* AppDelegate.m */,
				9138A4E01E887AA3004F3FC6 /* MainMenu.xib */,
				9138A4E31E887AA3004F3FC6 /* Info.plist */,
				9138A5081E887B8C004F3FC6 /* streamlinkinstall.h */,
				9138A5091E887B8C004F3FC6 /* streamlinkinstall.m */,
				9138A50F1E887B90004F3FC6 /* streamlinkinstall.xib */,
				2DFD69D41F1E9A3F000BD1E2 /* ezregex.h */,
				2DFD69D51F1E9A3F000BD1E2 /* ezregex.m */,
				9138A4DB1E887AA3004F3FC6 /* Supporting Files */,
			);
			path = "streamlink Installer";
			sourceTree = "<group>";
		};
		9138A4DB1E887AA3004F3FC6 /* Supporting Files */ = {
			isa = PBXGroup;
			children = (
				9138A4DC1E887AA3004F3FC6 /* main.m */,
			);
			name = "Supporting Files";
			sourceTree = "<group>";
		};
/* End PBXGroup section */

/* Begin PBXNativeTarget section */
		9138A4D41E887AA2004F3FC6 /* streamlink Installer */ = {
			isa = PBXNativeTarget;
			buildConfigurationList = 9138A4E61E887AA3004F3FC6 /* Build configuration list for PBXNativeTarget "streamlink Installer" */;
			buildPhases = (
				9138A4D11E887AA2004F3FC6 /* Sources */,
				9138A4D21E887AA2004F3FC6 /* Frameworks */,
				9138A4D31E887AA2004F3FC6 /* Resources */,
			);
			buildRules = (
			);
			dependencies = (
			);
			name = "streamlink Installer";
			productName = "streamlink Installer";
			productReference = 9138A4D51E887AA3004F3FC6 /* streamlink Installer.app */;
			productType = "com.apple.product-type.application";
		};
/* End PBXNativeTarget section */

/* Begin PBXProject section */
		9138A4CD1E887AA2004F3FC6 /* Project object */ = {
			isa = PBXProject;
			attributes = {
				LastUpgradeCheck = 0820;
				ORGANIZATIONNAME = "Atelier Shiori";
				TargetAttributes = {
					9138A4D41E887AA2004F3FC6 = {
						CreatedOnToolsVersion = 8.2.1;
						DevelopmentTeam = 9HDZTER525;
						ProvisioningStyle = Automatic;
					};
				};
			};
			buildConfigurationList = 9138A4D01E887AA2004F3FC6 /* Build configuration list for PBXProject "streamlink Installer" */;
			compatibilityVersion = "Xcode 3.2";
			developmentRegion = English;
			hasScannedForEncodings = 0;
			knownRegions = (
				en,
				Base,
			);
			mainGroup = 9138A4CC1E887AA2004F3FC6;
			productRefGroup = 9138A4D61E887AA3004F3FC6 /* Products */;
			projectDirPath = "";
			projectRoot = "";
			targets = (
				9138A4D41E887AA2004F3FC6 /* streamlink Installer */,
			);
		};
/* End PBXProject section */

/* Begin PBXResourcesBuildPhase section */
		9138A4D31E887AA2004F3FC6 /* Resources */ = {
			isa = PBXResourcesBuildPhase;
			buildActionMask = 2147483647;
			files = (
				9138A50D1E887B90004F3FC6 /* streamlinkinstall.xib in Resources */,
				9138A4E21E887AA3004F3FC6 /* MainMenu.xib in Resources */,
			);
			runOnlyForDeploymentPostprocessing = 0;
		};
/* End PBXResourcesBuildPhase section */

/* Begin PBXSourcesBuildPhase section */
		9138A4D11E887AA2004F3FC6 /* Sources */ = {
			isa = PBXSourcesBuildPhase;
			buildActionMask = 2147483647;
			files = (
				9138A4DD1E887AA3004F3FC6 /* main.m in Sources */,
				9138A50B1E887B8C004F3FC6 /* streamlinkinstall.m in Sources */,
				2DFD69D61F1E9A3F000BD1E2 /* ezregex.m in Sources */,
				9138A4DA1E887AA3004F3FC6 /* AppDelegate.m in Sources */,
			);
			runOnlyForDeploymentPostprocessing = 0;
		};
/* End PBXSourcesBuildPhase section */

/* Begin PBXVariantGroup section */
		9138A4E01E887AA3004F3FC6 /* MainMenu.xib */ = {
			isa = PBXVariantGroup;
			children = (
				91CA0EAC1E9698D600A0D532 /* en */,
			);
			name = MainMenu.xib;
			sourceTree = "<group>";
		};
		9138A50F1E887B90004F3FC6 /* streamlinkinstall.xib */ = {
			isa = PBXVariantGroup;
			children = (
				91CA0EAB1E9698D100A0D532 /* en */,
			);
			name = streamlinkinstall.xib;
			sourceTree = "<group>";
		};
/* End PBXVariantGroup section */

/* Begin XCBuildConfiguration section */
		9138A4E41E887AA3004F3FC6 /* Debug */ = {
			isa = XCBuildConfiguration;
			buildSettings = {
				ALWAYS_SEARCH_USER_PATHS = NO;
				CLANG_ANALYZER_NONNULL = YES;
				CLANG_CXX_LANGUAGE_STANDARD = "gnu++0x";
				CLANG_CXX_LIBRARY = "libc++";
				CLANG_ENABLE_MODULES = YES;
				CLANG_ENABLE_OBJC_ARC = YES;
				CLANG_WARN_BOOL_CONVERSION = YES;
				CLANG_WARN_CONSTANT_CONVERSION = YES;
				CLANG_WARN_DIRECT_OBJC_ISA_USAGE = YES_ERROR;
				CLANG_WARN_DOCUMENTATION_COMMENTS = YES;
				CLANG_WARN_EMPTY_BODY = YES;
				CLANG_WARN_ENUM_CONVERSION = YES;
				CLANG_WARN_INFINITE_RECURSION = YES;
				CLANG_WARN_INT_CONVERSION = YES;
				CLANG_WARN_OBJC_ROOT_CLASS = YES_ERROR;
				CLANG_WARN_SUSPICIOUS_MOVE = YES;
				CLANG_WARN_UNREACHABLE_CODE = YES;
				CLANG_WARN__DUPLICATE_METHOD_MATCH = YES;
				CODE_SIGN_IDENTITY = "-";
				COPY_PHASE_STRIP = NO;
				DEBUG_INFORMATION_FORMAT = dwarf;
				ENABLE_STRICT_OBJC_MSGSEND = YES;
				ENABLE_TESTABILITY = YES;
				GCC_C_LANGUAGE_STANDARD = gnu99;
				GCC_DYNAMIC_NO_PIC = NO;
				GCC_NO_COMMON_BLOCKS = YES;
				GCC_OPTIMIZATION_LEVEL = 0;
				GCC_PREPROCESSOR_DEFINITIONS = (
					"DEBUG=1",
					"$(inherited)",
				);
				GCC_WARN_64_TO_32_BIT_CONVERSION = YES;
				GCC_WARN_ABOUT_RETURN_TYPE = YES_ERROR;
				GCC_WARN_UNDECLARED_SELECTOR = YES;
				GCC_WARN_UNINITIALIZED_AUTOS = YES_AGGRESSIVE;
				GCC_WARN_UNUSED_FUNCTION = YES;
				GCC_WARN_UNUSED_VARIABLE = YES;
				MACOSX_DEPLOYMENT_TARGET = 10.12;
				MTL_ENABLE_DEBUG_INFO = YES;
				ONLY_ACTIVE_ARCH = YES;
				SDKROOT = macosx;
			};
			name = Debug;
		};
		9138A4E51E887AA3004F3FC6 /* Release */ = {
			isa = XCBuildConfiguration;
			buildSettings = {
				ALWAYS_SEARCH_USER_PATHS = NO;
				CLANG_ANALYZER_NONNULL = YES;
				CLANG_CXX_LANGUAGE_STANDARD = "gnu++0x";
				CLANG_CXX_LIBRARY = "libc++";
				CLANG_ENABLE_MODULES = YES;
				CLANG_ENABLE_OBJC_ARC = YES;
				CLANG_WARN_BOOL_CONVERSION = YES;
				CLANG_WARN_CONSTANT_CONVERSION = YES;
				CLANG_WARN_DIRECT_OBJC_ISA_USAGE = YES_ERROR;
				CLANG_WARN_DOCUMENTATION_COMMENTS = YES;
				CLANG_WARN_EMPTY_BODY = YES;
				CLANG_WARN_ENUM_CONVERSION = YES;
				CLANG_WARN_INFINITE_RECURSION = YES;
				CLANG_WARN_INT_CONVERSION = YES;
				CLANG_WARN_OBJC_ROOT_CLASS = YES_ERROR;
				CLANG_WARN_SUSPICIOUS_MOVE = YES;
				CLANG_WARN_UNREACHABLE_CODE = YES;
				CLANG_WARN__DUPLICATE_METHOD_MATCH = YES;
				CODE_SIGN_IDENTITY = "-";
				COPY_PHASE_STRIP = NO;
				DEBUG_INFORMATION_FORMAT = "dwarf-with-dsym";
				ENABLE_NS_ASSERTIONS = NO;
				ENABLE_STRICT_OBJC_MSGSEND = YES;
				GCC_C_LANGUAGE_STANDARD = gnu99;
				GCC_NO_COMMON_BLOCKS = YES;
				GCC_WARN_64_TO_32_BIT_CONVERSION = YES;
				GCC_WARN_ABOUT_RETURN_TYPE = YES_ERROR;
				GCC_WARN_UNDECLARED_SELECTOR = YES;
				GCC_WARN_UNINITIALIZED_AUTOS = YES_AGGRESSIVE;
				GCC_WARN_UNUSED_FUNCTION = YES;
				GCC_WARN_UNUSED_VARIABLE = YES;
				MACOSX_DEPLOYMENT_TARGET = 10.12;
				MTL_ENABLE_DEBUG_INFO = NO;
				SDKROOT = macosx;
			};
			name = Release;
		};
		9138A4E71E887AA3004F3FC6 /* Debug */ = {
			isa = XCBuildConfiguration;
			buildSettings = {
				ASSETCATALOG_COMPILER_APPICON_NAME = AppIcon;
				COMBINE_HIDPI_IMAGES = YES;
				DEVELOPMENT_TEAM = 9HDZTER525;
				INFOPLIST_FILE = "streamlink Installer/Info.plist";
				LD_RUNPATH_SEARCH_PATHS = "$(inherited) @executable_path/../Frameworks";
				MACOSX_DEPLOYMENT_TARGET = 10.7;
				PRODUCT_BUNDLE_IDENTIFIER = "moe.ateliershiori.streamlink-Installer";
				PRODUCT_NAME = "$(TARGET_NAME)";
			};
			name = Debug;
		};
		9138A4E81E887AA3004F3FC6 /* Release */ = {
			isa = XCBuildConfiguration;
			buildSettings = {
				ASSETCATALOG_COMPILER_APPICON_NAME = AppIcon;
				COMBINE_HIDPI_IMAGES = YES;
				DEVELOPMENT_TEAM = 9HDZTER525;
				GCC_OPTIMIZATION_LEVEL = fast;
				INFOPLIST_FILE = "streamlink Installer/Info.plist";
				LD_RUNPATH_SEARCH_PATHS = "$(inherited) @executable_path/../Frameworks";
				MACOSX_DEPLOYMENT_TARGET = 10.7;
				PRODUCT_BUNDLE_IDENTIFIER = "moe.ateliershiori.streamlink-Installer";
				PRODUCT_NAME = "$(TARGET_NAME)";
			};
			name = Release;
		};
/* End XCBuildConfiguration section */

/* Begin XCConfigurationList section */
		9138A4D01E887AA2004F3FC6 /* Build configuration list for PBXProject "streamlink Installer" */ = {
			isa = XCConfigurationList;
			buildConfigurations = (
				9138A4E41E887AA3004F3FC6 /* Debug */,
				9138A4E51E887AA3004F3FC6 /* Release */,
			);
			defaultConfigurationIsVisible = 0;
			defaultConfigurationName = Release;
		};
		9138A4E61E887AA3004F3FC6 /* Build configuration list for PBXNativeTarget "streamlink Installer" */ = {
			isa = XCConfigurationList;
			buildConfigurations = (
				9138A4E71E887AA3004F3FC6 /* Debug */,
				9138A4E81E887AA3004F3FC6 /* Release */,
			);
			defaultConfigurationIsVisible = 0;
			defaultConfigurationName = Release;
		};
/* End XCConfigurationList section */
	};
	rootObject = 9138A4CD1E887AA2004F3FC6 /* Project object */;
}
