// !$*UTF8*$!
{
	archiveVersion = 1;
	classes = {
	};
	objectVersion = 46;
	objects = {

/* Begin PBXBuildFile section */
		91056D361E81A2C0009F20CC /* AppDelegate.m in Sources */ = {isa = PBXBuildFile; fileRef = 91056D351E81A2C0009F20CC /* AppDelegate.m */; };
		91056D391E81A2C0009F20CC /* main.m in Sources */ = {isa = PBXBuildFile; fileRef = 91056D381E81A2C0009F20CC /* main.m */; };
		91056D3B1E81A2C0009F20CC /* Assets.xcassets in Resources */ = {isa = PBXBuildFile; fileRef = 91056D3A1E81A2C0009F20CC /* Assets.xcassets */; };
		91056D3E1E81A2C0009F20CC /* MainMenu.xib in Resources */ = {isa = PBXBuildFile; fileRef = 91056D3C1E81A2C0009F20CC /* MainMenu.xib */; };
		91056D5A1E81A655009F20CC /* streamlinkdetect.framework in Frameworks */ = {isa = PBXBuildFile; fileRef = 91056D591E81A655009F20CC /* streamlinkdetect.framework */; };
		91056D5B1E81A655009F20CC /* streamlinkdetect.framework in Embed Frameworks */ = {isa = PBXBuildFile; fileRef = 91056D591E81A655009F20CC /* streamlinkdetect.framework */; settings = {ATTRIBUTES = (CodeSignOnCopy, RemoveHeadersOnCopy, ); }; };
/* End PBXBuildFile section */

/* Begin PBXCopyFilesBuildPhase section */
		91056D581E81A5E8009F20CC /* Embed Frameworks */ = {
			isa = PBXCopyFilesBuildPhase;
			buildActionMask = 2147483647;
			dstPath = "";
			dstSubfolderSpec = 10;
			files = (
				91056D5B1E81A655009F20CC /* streamlinkdetect.framework in Embed Frameworks */,
			);
			name = "Embed Frameworks";
			runOnlyForDeploymentPostprocessing = 0;
		};
/* End PBXCopyFilesBuildPhase section */

/* Begin PBXFileReference section */
		91056D311E81A2C0009F20CC /* streamlinkdemo.app */ = {isa = PBXFileReference; explicitFileType = wrapper.application; includeInIndex = 0; path = streamlinkdemo.app; sourceTree = BUILT_PRODUCTS_DIR; };
		91056D341E81A2C0009F20CC /* AppDelegate.h */ = {isa = PBXFileReference; lastKnownFileType = sourcecode.c.h; path = AppDelegate.h; sourceTree = "<group>"; };
		91056D351E81A2C0009F20CC /* AppDelegate.m */ = {isa = PBXFileReference; lastKnownFileType = sourcecode.c.objc; path = AppDelegate.m; sourceTree = "<group>"; };
		91056D381E81A2C0009F20CC /* main.m */ = {isa = PBXFileReference; lastKnownFileType = sourcecode.c.objc; path = main.m; sourceTree = "<group>"; };
		91056D3A1E81A2C0009F20CC /* Assets.xcassets */ = {isa = PBXFileReference; lastKnownFileType = folder.assetcatalog; path = Assets.xcassets; sourceTree = "<group>"; };
		91056D3D1E81A2C0009F20CC /* Base */ = {isa = PBXFileReference; lastKnownFileType = file.xib; name = Base; path = Base.lproj/MainMenu.xib; sourceTree = "<group>"; };
		91056D3F1E81A2C0009F20CC /* Info.plist */ = {isa = PBXFileReference; lastKnownFileType = text.plist.xml; path = Info.plist; sourceTree = "<group>"; };
		91056D591E81A655009F20CC /* streamlinkdetect.framework */ = {isa = PBXFileReference; explicitFileType = wrapper.framework; path = streamlinkdetect.framework; sourceTree = BUILT_PRODUCTS_DIR; };
/* End PBXFileReference section */

/* Begin PBXFrameworksBuildPhase section */
		91056D2E1E81A2C0009F20CC /* Frameworks */ = {
			isa = PBXFrameworksBuildPhase;
			buildActionMask = 2147483647;
			files = (
				91056D5A1E81A655009F20CC /* streamlinkdetect.framework in Frameworks */,
			);
			runOnlyForDeploymentPostprocessing = 0;
		};
/* End PBXFrameworksBuildPhase section */

/* Begin PBXGroup section */
		91056D281E81A2C0009F20CC = {
			isa = PBXGroup;
			children = (
				91056D591E81A655009F20CC /* streamlinkdetect.framework */,
				91056D331E81A2C0009F20CC /* streamlinkdemo */,
				91056D321E81A2C0009F20CC /* Products */,
			);
			sourceTree = "<group>";
		};
		91056D321E81A2C0009F20CC /* Products */ = {
			isa = PBXGroup;
			children = (
				91056D311E81A2C0009F20CC /* streamlinkdemo.app */,
			);
			name = Products;
			sourceTree = "<group>";
		};
		91056D331E81A2C0009F20CC /* streamlinkdemo */ = {
			isa = PBXGroup;
			children = (
				91056D341E81A2C0009F20CC /* AppDelegate.h */,
				91056D351E81A2C0009F20CC /* AppDelegate.m */,
				91056D3A1E81A2C0009F20CC /* Assets.xcassets */,
				91056D3C1E81A2C0009F20CC /* MainMenu.xib */,
				91056D3F1E81A2C0009F20CC /* Info.plist */,
				91056D371E81A2C0009F20CC /* Supporting Files */,
			);
			path = streamlinkdemo;
			sourceTree = "<group>";
		};
		91056D371E81A2C0009F20CC /* Supporting Files */ = {
			isa = PBXGroup;
			children = (
				91056D381E81A2C0009F20CC /* main.m */,
			);
			name = "Supporting Files";
			sourceTree = "<group>";
		};
/* End PBXGroup section */

/* Begin PBXNativeTarget section */
		91056D301E81A2C0009F20CC /* streamlinkdemo */ = {
			isa = PBXNativeTarget;
			buildConfigurationList = 91056D421E81A2C0009F20CC /* Build configuration list for PBXNativeTarget "streamlinkdemo" */;
			buildPhases = (
				91056D2D1E81A2C0009F20CC /* Sources */,
				91056D2E1E81A2C0009F20CC /* Frameworks */,
				91056D2F1E81A2C0009F20CC /* Resources */,
				91056D581E81A5E8009F20CC /* Embed Frameworks */,
			);
			buildRules = (
			);
			dependencies = (
			);
			name = streamlinkdemo;
			productName = streamlinkdemo;
			productReference = 91056D311E81A2C0009F20CC /* streamlinkdemo.app */;
			productType = "com.apple.product-type.application";
		};
/* End PBXNativeTarget section */

/* Begin PBXProject section */
		91056D291E81A2C0009F20CC /* Project object */ = {
			isa = PBXProject;
			attributes = {
				LastUpgradeCheck = 0800;
				ORGANIZATIONNAME = "Atelier Shiori";
				TargetAttributes = {
					91056D301E81A2C0009F20CC = {
						CreatedOnToolsVersion = 8.0;
						DevelopmentTeam = 9HDZTER525;
						ProvisioningStyle = Automatic;
					};
				};
			};
			buildConfigurationList = 91056D2C1E81A2C0009F20CC /* Build configuration list for PBXProject "streamlinkdemo" */;
			compatibilityVersion = "Xcode 3.2";
			developmentRegion = English;
			hasScannedForEncodings = 0;
			knownRegions = (
				en,
				Base,
			);
			mainGroup = 91056D281E81A2C0009F20CC;
			productRefGroup = 91056D321E81A2C0009F20CC /* Products */;
			projectDirPath = "";
			projectRoot = "";
			targets = (
				91056D301E81A2C0009F20CC /* streamlinkdemo */,
			);
		};
/* End PBXProject section */

/* Begin PBXResourcesBuildPhase section */
		91056D2F1E81A2C0009F20CC /* Resources */ = {
			isa = PBXResourcesBuildPhase;
			buildActionMask = 2147483647;
			files = (
				91056D3B1E81A2C0009F20CC /* Assets.xcassets in Resources */,
				91056D3E1E81A2C0009F20CC /* MainMenu.xib in Resources */,
			);
			runOnlyForDeploymentPostprocessing = 0;
		};
/* End PBXResourcesBuildPhase section */

/* Begin PBXSourcesBuildPhase section */
		91056D2D1E81A2C0009F20CC /* Sources */ = {
			isa = PBXSourcesBuildPhase;
			buildActionMask = 2147483647;
			files = (
				91056D391E81A2C0009F20CC /* main.m in Sources */,
				91056D361E81A2C0009F20CC /* AppDelegate.m in Sources */,
			);
			runOnlyForDeploymentPostprocessing = 0;
		};
/* End PBXSourcesBuildPhase section */

/* Begin PBXVariantGroup section */
		91056D3C1E81A2C0009F20CC /* MainMenu.xib */ = {
			isa = PBXVariantGroup;
			children = (
				91056D3D1E81A2C0009F20CC /* Base */,
			);
			name = MainMenu.xib;
			sourceTree = "<group>";
		};
/* End PBXVariantGroup section */

/* Begin XCBuildConfiguration section */
		91056D401E81A2C0009F20CC /* Debug */ = {
			isa = XCBuildConfiguration;
			buildSettings = {
				ALWAYS_SEARCH_USER_PATHS = NO;
				CLANG_ANALYZER_NONNULL = YES;
				CLANG_CXX_LANGUAGE_STANDARD = "gnu++0x";
				CLANG_CXX_LIBRARY = "libc++";
				CLANG_ENABLE_MODULES = YES;
				CLANG_ENABLE_OBJC_ARC = YES;
				CLANG_WARN_BOOL_CONVERSION = YES;
				CLANG_WARN_CONSTANT_CONVERSION = YES;
				CLANG_WARN_DIRECT_OBJC_ISA_USAGE = YES_ERROR;
				CLANG_WARN_DOCUMENTATION_COMMENTS = YES;
				CLANG_WARN_EMPTY_BODY = YES;
				CLANG_WARN_ENUM_CONVERSION = YES;
				CLANG_WARN_INFINITE_RECURSION = YES;
				CLANG_WARN_INT_CONVERSION = YES;
				CLANG_WARN_OBJC_ROOT_CLASS = YES_ERROR;
				CLANG_WARN_SUSPICIOUS_MOVES = YES;
				CLANG_WARN_UNREACHABLE_CODE = YES;
				CLANG_WARN__DUPLICATE_METHOD_MATCH = YES;
				CODE_SIGN_IDENTITY = "-";
				COPY_PHASE_STRIP = NO;
				DEBUG_INFORMATION_FORMAT = dwarf;
				ENABLE_STRICT_OBJC_MSGSEND = YES;
				ENABLE_TESTABILITY = YES;
				GCC_C_LANGUAGE_STANDARD = gnu99;
				GCC_DYNAMIC_NO_PIC = NO;
				GCC_NO_COMMON_BLOCKS = YES;
				GCC_OPTIMIZATION_LEVEL = 0;
				GCC_PREPROCESSOR_DEFINITIONS = (
					"DEBUG=1",
					"$(inherited)",
				);
				GCC_WARN_64_TO_32_BIT_CONVERSION = YES;
				GCC_WARN_ABOUT_RETURN_TYPE = YES_ERROR;
				GCC_WARN_UNDECLARED_SELECTOR = YES;
				GCC_WARN_UNINITIALIZED_AUTOS = YES_AGGRESSIVE;
				GCC_WARN_UNUSED_FUNCTION = YES;
				GCC_WARN_UNUSED_VARIABLE = YES;
				MACOSX_DEPLOYMENT_TARGET = 10.12;
				MTL_ENABLE_DEBUG_INFO = YES;
				ONLY_ACTIVE_ARCH = YES;
				SDKROOT = macosx;
			};
			name = Debug;
		};
		91056D411E81A2C0009F20CC /* Release */ = {
			isa = XCBuildConfiguration;
			buildSettings = {
				ALWAYS_SEARCH_USER_PATHS = NO;
				CLANG_ANALYZER_NONNULL = YES;
				CLANG_CXX_LANGUAGE_STANDARD = "gnu++0x";
				CLANG_CXX_LIBRARY = "libc++";
				CLANG_ENABLE_MODULES = YES;
				CLANG_ENABLE_OBJC_ARC = YES;
				CLANG_WARN_BOOL_CONVERSION = YES;
				CLANG_WARN_CONSTANT_CONVERSION = YES;
				CLANG_WARN_DIRECT_OBJC_ISA_USAGE = YES_ERROR;
				CLANG_WARN_DOCUMENTATION_COMMENTS = YES;
				CLANG_WARN_EMPTY_BODY = YES;
				CLANG_WARN_ENUM_CONVERSION = YES;
				CLANG_WARN_INFINITE_RECURSION = YES;
				CLANG_WARN_INT_CONVERSION = YES;
				CLANG_WARN_OBJC_ROOT_CLASS = YES_ERROR;
				CLANG_WARN_SUSPICIOUS_MOVES = YES;
				CLANG_WARN_UNREACHABLE_CODE = YES;
				CLANG_WARN__DUPLICATE_METHOD_MATCH = YES;
				CODE_SIGN_IDENTITY = "-";
				COPY_PHASE_STRIP = NO;
				DEBUG_INFORMATION_FORMAT = "dwarf-with-dsym";
				ENABLE_NS_ASSERTIONS = NO;
				ENABLE_STRICT_OBJC_MSGSEND = YES;
				GCC_C_LANGUAGE_STANDARD = gnu99;
				GCC_NO_COMMON_BLOCKS = YES;
				GCC_WARN_64_TO_32_BIT_CONVERSION = YES;
				GCC_WARN_ABOUT_RETURN_TYPE = YES_ERROR;
				GCC_WARN_UNDECLARED_SELECTOR = YES;
				GCC_WARN_UNINITIALIZED_AUTOS = YES_AGGRESSIVE;
				GCC_WARN_UNUSED_FUNCTION = YES;
				GCC_WARN_UNUSED_VARIABLE = YES;
				MACOSX_DEPLOYMENT_TARGET = 10.12;
				MTL_ENABLE_DEBUG_INFO = NO;
				SDKROOT = macosx;
			};
			name = Release;
		};
		91056D431E81A2C0009F20CC /* Debug */ = {
			isa = XCBuildConfiguration;
			buildSettings = {
				ASSETCATALOG_COMPILER_APPICON_NAME = AppIcon;
				COMBINE_HIDPI_IMAGES = YES;
				DEVELOPMENT_TEAM = 9HDZTER525;
				INFOPLIST_FILE = streamlinkdemo/Info.plist;
				LD_RUNPATH_SEARCH_PATHS = "$(inherited) @executable_path/../Frameworks";
				MACOSX_DEPLOYMENT_TARGET = 10.9;
				PRODUCT_BUNDLE_IDENTIFIER = moe.ateliershiori.streamlinkdemo;
				PRODUCT_NAME = "$(TARGET_NAME)";
			};
			name = Debug;
		};
		91056D441E81A2C0009F20CC /* Release */ = {
			isa = XCBuildConfiguration;
			buildSettings = {
				ASSETCATALOG_COMPILER_APPICON_NAME = AppIcon;
				COMBINE_HIDPI_IMAGES = YES;
				DEVELOPMENT_TEAM = 9HDZTER525;
				INFOPLIST_FILE = streamlinkdemo/Info.plist;
				LD_RUNPATH_SEARCH_PATHS = "$(inherited) @executable_path/../Frameworks";
				MACOSX_DEPLOYMENT_TARGET = 10.9;
				PRODUCT_BUNDLE_IDENTIFIER = moe.ateliershiori.streamlinkdemo;
				PRODUCT_NAME = "$(TARGET_NAME)";
			};
			name = Release;
		};
/* End XCBuildConfiguration section */

/* Begin XCConfigurationList section */
		91056D2C1E81A2C0009F20CC /* Build configuration list for PBXProject "streamlinkdemo" */ = {
			isa = XCConfigurationList;
			buildConfigurations = (
				91056D401E81A2C0009F20CC /* Debug */,
				91056D411E81A2C0009F20CC /* Release */,
			);
			defaultConfigurationIsVisible = 0;
			defaultConfigurationName = Release;
		};
		91056D421E81A2C0009F20CC /* Build configuration list for PBXNativeTarget "streamlinkdemo" */ = {
			isa = XCConfigurationList;
			buildConfigurations = (
				91056D431E81A2C0009F20CC /* Debug */,
				91056D441E81A2C0009F20CC /* Release */,
			);
			defaultConfigurationIsVisible = 0;
			defaultConfigurationName = Release;
		};
/* End XCConfigurationList section */
	};
	rootObject = 91056D291E81A2C0009F20CC /* Project object */;
}
